{
  "requires": true,
  "lockfileVersion": 1,
  "dependencies": {
    "@types/node": {
      "version": "8.0.46",
      "resolved": "https://registry.npmjs.org/@types/node/-/node-8.0.46.tgz",
      "integrity": "sha512-rRkP4kb5JYIfAoRKaDbcdPZBcTNOgzSApyzhPN9e6rhViSJAWQGlSXIX5gc75iR02jikhpzy3usu31wMHllfFw==",
      "dev": true
    }
  }
}
